
Microsoft Visual Studio Solution File, Format Version 12.00
# Visual Studio Version 17
VisualStudioVersion = 17.14.36414.22 d17.14
MinimumVisualStudioVersion = 10.0.40219.1
Project("{FAE04EC0-301F-11D3-BF4B-00C04F79EFBC}") = "Mini-aventyr", "Mini-aventyr\Mini-aventyr.csproj", "{FD25EDDA-59F6-43FC-BE01-80B680B81C37}"
EndProject
Global
	GlobalSection(SolutionConfigurationPlatforms) = preSolution
		Debug|Any CPU = Debug|Any CPU
		Release|Any CPU = Release|Any CPU
	EndGlobalSection
	GlobalSection(ProjectConfigurationPlatforms) = postSolution
		{FD25EDDA-59F6-43FC-BE01-80B680B81C37}.Debug|Any CPU.ActiveCfg = Debug|Any CPU
		{FD25EDDA-59F6-43FC-BE01-80B680B81C37}.Debug|Any CPU.Build.0 = Debug|Any CPU
		{FD25EDDA-59F6-43FC-BE01-80B680B81C37}.Release|Any CPU.ActiveCfg = Release|Any CPU
		{FD25EDDA-59F6-43FC-BE01-80B680B81C37}.Release|Any CPU.Build.0 = Release|Any CPU
	EndGlobalSection
	GlobalSection(SolutionProperties) = preSolution
		HideSolutionNode = FALSE
	EndGlobalSection
	GlobalSection(ExtensibilityGlobals) = postSolution
		SolutionGuid = {E3A40062-4462-4651-999A-882FD71DA335}
	EndGlobalSection
EndGlobal
